// !$*UTF8*$!
{
	archiveVersion = 1;
	classes = {
	};
	objectVersion = 55;
	objects = {

/* Begin PBXBuildFile section */
		4CCD4F303A59E636D0F6819E /* Pods_ios_snapshot_test_ios_snapshot_testUITests.framework in Frameworks */ = {isa = PBXBuildFile; fileRef = A5C10FB41DD5B72FE27DF2B0 /* Pods_ios_snapshot_test_ios_snapshot_testUITests.framework */; };
		7212E2951EC77FE77E3999F4 /* Pods_ios_snapshot_test.framework in Frameworks */ = {isa = PBXBuildFile; fileRef = 700A472ABD44F969358DFA80 /* Pods_ios_snapshot_test.framework */; };
		898F9415291054FE00BF9EAD /* AppDelegate.swift in Sources */ = {isa = PBXBuildFile; fileRef = 898F9414291054FE00BF9EAD /* AppDelegate.swift */; };
		898F9417291054FE00BF9EAD /* SceneDelegate.swift in Sources */ = {isa = PBXBuildFile; fileRef = 898F9416291054FE00BF9EAD /* SceneDelegate.swift */; };
		898F9419291054FE00BF9EAD /* ViewController.swift in Sources */ = {isa = PBXBuildFile; fileRef = 898F9418291054FE00BF9EAD /* ViewController.swift */; };
		898F941C291054FE00BF9EAD /* Main.storyboard in Resources */ = {isa = PBXBuildFile; fileRef = 898F941A291054FE00BF9EAD /* Main.storyboard */; };
		898F941E2910550100BF9EAD /* Assets.xcassets in Resources */ = {isa = PBXBuildFile; fileRef = 898F941D2910550100BF9EAD /* Assets.xcassets */; };
		898F94212910550100BF9EAD /* LaunchScreen.storyboard in Resources */ = {isa = PBXBuildFile; fileRef = 898F941F2910550100BF9EAD /* LaunchScreen.storyboard */; };
		898F942C2910550100BF9EAD /* ios_snapshot_testTests.swift in Sources */ = {isa = PBXBuildFile; fileRef = 898F942B2910550100BF9EAD /* ios_snapshot_testTests.swift */; };
		898F94362910550100BF9EAD /* ios_snapshot_testUITests.swift in Sources */ = {isa = PBXBuildFile; fileRef = 898F94352910550100BF9EAD /* ios_snapshot_testUITests.swift */; };
		898F94382910550100BF9EAD /* ios_snapshot_testUITestsLaunchTests.swift in Sources */ = {isa = PBXBuildFile; fileRef = 898F94372910550100BF9EAD /* ios_snapshot_testUITestsLaunchTests.swift */; };
		AA33E7DFE2ED2473867B9A19 /* Pods_ios_snapshot_testTests.framework in Frameworks */ = {isa = PBXBuildFile; fileRef = D4E62A11DCB404A13DD26374 /* Pods_ios_snapshot_testTests.framework */; };
/* End PBXBuildFile section */

/* Begin PBXContainerItemProxy section */
		898F94282910550100BF9EAD /* PBXContainerItemProxy */ = {
			isa = PBXContainerItemProxy;
			containerPortal = 898F9409291054FE00BF9EAD /* Project object */;
			proxyType = 1;
			remoteGlobalIDString = 898F9410291054FE00BF9EAD;
			remoteInfo = "ios-snapshot-test";
		};
		898F94322910550100BF9EAD /* PBXContainerItemProxy */ = {
			isa = PBXContainerItemProxy;
			containerPortal = 898F9409291054FE00BF9EAD /* Project object */;
			proxyType = 1;
			remoteGlobalIDString = 898F9410291054FE00BF9EAD;
			remoteInfo = "ios-snapshot-test";
		};
/* End PBXContainerItemProxy section */

/* Begin PBXFileReference section */
		2C3A6A0F428DBE80C4C1043C /* Pods-ios-snapshot-testTests.debug.xcconfig */ = {isa = PBXFileReference; includeInIndex = 1; lastKnownFileType = text.xcconfig; name = "Pods-ios-snapshot-testTests.debug.xcconfig"; path = "Target Support Files/Pods-ios-snapshot-testTests/Pods-ios-snapshot-testTests.debug.xcconfig"; sourceTree = "<group>"; };
		6F116C6AF215C3948A39315A /* Pods-ios-snapshot-test.debug.xcconfig */ = {isa = PBXFileReference; includeInIndex = 1; lastKnownFileType = text.xcconfig; name = "Pods-ios-snapshot-test.debug.xcconfig"; path = "Target Support Files/Pods-ios-snapshot-test/Pods-ios-snapshot-test.debug.xcconfig"; sourceTree = "<group>"; };
		700A472ABD44F969358DFA80 /* Pods_ios_snapshot_test.framework */ = {isa = PBXFileReference; explicitFileType = wrapper.framework; includeInIndex = 0; path = Pods_ios_snapshot_test.framework; sourceTree = BUILT_PRODUCTS_DIR; };
		898F9411291054FE00BF9EAD /* ios-snapshot-test.app */ = {isa = PBXFileReference; explicitFileType = wrapper.application; includeInIndex = 0; path = "ios-snapshot-test.app"; sourceTree = BUILT_PRODUCTS_DIR; };
		898F9414291054FE00BF9EAD /* AppDelegate.swift */ = {isa = PBXFileReference; lastKnownFileType = sourcecode.swift; path = AppDelegate.swift; sourceTree = "<group>"; };
		898F9416291054FE00BF9EAD /* SceneDelegate.swift */ = {isa = PBXFileReference; lastKnownFileType = sourcecode.swift; path = SceneDelegate.swift; sourceTree = "<group>"; };
		898F9418291054FE00BF9EAD /* ViewController.swift */ = {isa = PBXFileReference; lastKnownFileType = sourcecode.swift; path = ViewController.swift; sourceTree = "<group>"; };
		898F941B291054FE00BF9EAD /* Base */ = {isa = PBXFileReference; lastKnownFileType = file.storyboard; name = Base; path = Base.lproj/Main.storyboard; sourceTree = "<group>"; };
		898F941D2910550100BF9EAD /* Assets.xcassets */ = {isa = PBXFileReference; lastKnownFileType = folder.assetcatalog; path = Assets.xcassets; sourceTree = "<group>"; };
		898F94202910550100BF9EAD /* Base */ = {isa = PBXFileReference; lastKnownFileType = file.storyboard; name = Base; path = Base.lproj/LaunchScreen.storyboard; sourceTree = "<group>"; };
		898F94222910550100BF9EAD /* Info.plist */ = {isa = PBXFileReference; lastKnownFileType = text.plist.xml; path = Info.plist; sourceTree = "<group>"; };
		898F94272910550100BF9EAD /* ios-snapshot-testTests.xctest */ = {isa = PBXFileReference; explicitFileType = wrapper.cfbundle; includeInIndex = 0; path = "ios-snapshot-testTests.xctest"; sourceTree = BUILT_PRODUCTS_DIR; };
		898F942B2910550100BF9EAD /* ios_snapshot_testTests.swift */ = {isa = PBXFileReference; lastKnownFileType = sourcecode.swift; path = ios_snapshot_testTests.swift; sourceTree = "<group>"; };
		898F94312910550100BF9EAD /* ios-snapshot-testUITests.xctest */ = {isa = PBXFileReference; explicitFileType = wrapper.cfbundle; includeInIndex = 0; path = "ios-snapshot-testUITests.xctest"; sourceTree = BUILT_PRODUCTS_DIR; };
		898F94352910550100BF9EAD /* ios_snapshot_testUITests.swift */ = {isa = PBXFileReference; lastKnownFileType = sourcecode.swift; path = ios_snapshot_testUITests.swift; sourceTree = "<group>"; };
		898F94372910550100BF9EAD /* ios_snapshot_testUITestsLaunchTests.swift */ = {isa = PBXFileReference; lastKnownFileType = sourcecode.swift; path = ios_snapshot_testUITestsLaunchTests.swift; sourceTree = "<group>"; };
		A5C10FB41DD5B72FE27DF2B0 /* Pods_ios_snapshot_test_ios_snapshot_testUITests.framework */ = {isa = PBXFileReference; explicitFileType = wrapper.framework; includeInIndex = 0; path = Pods_ios_snapshot_test_ios_snapshot_testUITests.framework; sourceTree = BUILT_PRODUCTS_DIR; };
		CEAF96BD7DC193139BC96679 /* Pods-ios-snapshot-test-ios-snapshot-testUITests.release.xcconfig */ = {isa = PBXFileReference; includeInIndex = 1; lastKnownFileType = text.xcconfig; name = "Pods-ios-snapshot-test-ios-snapshot-testUITests.release.xcconfig"; path = "Target Support Files/Pods-ios-snapshot-test-ios-snapshot-testUITests/Pods-ios-snapshot-test-ios-snapshot-testUITests.release.xcconfig"; sourceTree = "<group>"; };
		D4E62A11DCB404A13DD26374 /* Pods_ios_snapshot_testTests.framework */ = {isa = PBXFileReference; explicitFileType = wrapper.framework; includeInIndex = 0; path = Pods_ios_snapshot_testTests.framework; sourceTree = BUILT_PRODUCTS_DIR; };
		D6D0CEB5CBC530325E89ACAD /* Pods-ios-snapshot-test-ios-snapshot-testUITests.debug.xcconfig */ = {isa = PBXFileReference; includeInIndex = 1; lastKnownFileType = text.xcconfig; name = "Pods-ios-snapshot-test-ios-snapshot-testUITests.debug.xcconfig"; path = "Target Support Files/Pods-ios-snapshot-test-ios-snapshot-testUITests/Pods-ios-snapshot-test-ios-snapshot-testUITests.debug.xcconfig"; sourceTree = "<group>"; };
		E429193E0E382BF77655F3B8 /* Pods-ios-snapshot-testTests.release.xcconfig */ = {isa = PBXFileReference; includeInIndex = 1; lastKnownFileType = text.xcconfig; name = "Pods-ios-snapshot-testTests.release.xcconfig"; path = "Target Support Files/Pods-ios-snapshot-testTests/Pods-ios-snapshot-testTests.release.xcconfig"; sourceTree = "<group>"; };
		ED6C77A0DDEE76630E725950 /* Pods-ios-snapshot-test.release.xcconfig */ = {isa = PBXFileReference; includeInIndex = 1; lastKnownFileType = text.xcconfig; name = "Pods-ios-snapshot-test.release.xcconfig"; path = "Target Support Files/Pods-ios-snapshot-test/Pods-ios-snapshot-test.release.xcconfig"; sourceTree = "<group>"; };
/* End PBXFileReference section */

/* Begin PBXFrameworksBuildPhase section */
		898F940E291054FE00BF9EAD /* Frameworks */ = {
			isa = PBXFrameworksBuildPhase;
			buildActionMask = 2147483647;
			files = (
				7212E2951EC77FE77E3999F4 /* Pods_ios_snapshot_test.framework in Frameworks */,
			);
			runOnlyForDeploymentPostprocessing = 0;
		};
		898F94242910550100BF9EAD /* Frameworks */ = {
			isa = PBXFrameworksBuildPhase;
			buildActionMask = 2147483647;
			files = (
				AA33E7DFE2ED2473867B9A19 /* Pods_ios_snapshot_testTests.framework in Frameworks */,
			);
			runOnlyForDeploymentPostprocessing = 0;
		};
		898F942E2910550100BF9EAD /* Frameworks */ = {
			isa = PBXFrameworksBuildPhase;
			buildActionMask = 2147483647;
			files = (
				4CCD4F303A59E636D0F6819E /* Pods_ios_snapshot_test_ios_snapshot_testUITests.framework in Frameworks */,
			);
			runOnlyForDeploymentPostprocessing = 0;
		};
/* End PBXFrameworksBuildPhase section */

/* Begin PBXGroup section */
		7D0ADDCFA92E46D1F6B8B6C0 /* Frameworks */ = {
			isa = PBXGroup;
			children = (
				700A472ABD44F969358DFA80 /* Pods_ios_snapshot_test.framework */,
				A5C10FB41DD5B72FE27DF2B0 /* Pods_ios_snapshot_test_ios_snapshot_testUITests.framework */,
				D4E62A11DCB404A13DD26374 /* Pods_ios_snapshot_testTests.framework */,
			);
			name = Frameworks;
			sourceTree = "<group>";
		};
		898F9408291054FE00BF9EAD = {
			isa = PBXGroup;
			children = (
				898F9413291054FE00BF9EAD /* ios-snapshot-test */,
				898F942A2910550100BF9EAD /* ios-snapshot-testTests */,
				898F94342910550100BF9EAD /* ios-snapshot-testUITests */,
				898F9412291054FE00BF9EAD /* Products */,
				FA7F657FE3F1108E207B2B6D /* Pods */,
				7D0ADDCFA92E46D1F6B8B6C0 /* Frameworks */,
			);
			sourceTree = "<group>";
		};
		898F9412291054FE00BF9EAD /* Products */ = {
			isa = PBXGroup;
			children = (
				898F9411291054FE00BF9EAD /* ios-snapshot-test.app */,
				898F94272910550100BF9EAD /* ios-snapshot-testTests.xctest */,
				898F94312910550100BF9EAD /* ios-snapshot-testUITests.xctest */,
			);
			name = Products;
			sourceTree = "<group>";
		};
		898F9413291054FE00BF9EAD /* ios-snapshot-test */ = {
			isa = PBXGroup;
			children = (
				898F9414291054FE00BF9EAD /* AppDelegate.swift */,
				898F9416291054FE00BF9EAD /* SceneDelegate.swift */,
				898F9418291054FE00BF9EAD /* ViewController.swift */,
				898F941A291054FE00BF9EAD /* Main.storyboard */,
				898F941D2910550100BF9EAD /* Assets.xcassets */,
				898F941F2910550100BF9EAD /* LaunchScreen.storyboard */,
				898F94222910550100BF9EAD /* Info.plist */,
			);
			path = "ios-snapshot-test";
			sourceTree = "<group>";
		};
		898F942A2910550100BF9EAD /* ios-snapshot-testTests */ = {
			isa = PBXGroup;
			children = (
				898F942B2910550100BF9EAD /* ios_snapshot_testTests.swift */,
			);
			path = "ios-snapshot-testTests";
			sourceTree = "<group>";
		};
		898F94342910550100BF9EAD /* ios-snapshot-testUITests */ = {
			isa = PBXGroup;
			children = (
				898F94352910550100BF9EAD /* ios_snapshot_testUITests.swift */,
				898F94372910550100BF9EAD /* ios_snapshot_testUITestsLaunchTests.swift */,
			);
			path = "ios-snapshot-testUITests";
			sourceTree = "<group>";
		};
		FA7F657FE3F1108E207B2B6D /* Pods */ = {
			isa = PBXGroup;
			children = (
				6F116C6AF215C3948A39315A /* Pods-ios-snapshot-test.debug.xcconfig */,
				ED6C77A0DDEE76630E725950 /* Pods-ios-snapshot-test.release.xcconfig */,
				D6D0CEB5CBC530325E89ACAD /* Pods-ios-snapshot-test-ios-snapshot-testUITests.debug.xcconfig */,
				CEAF96BD7DC193139BC96679 /* Pods-ios-snapshot-test-ios-snapshot-testUITests.release.xcconfig */,
				2C3A6A0F428DBE80C4C1043C /* Pods-ios-snapshot-testTests.debug.xcconfig */,
				E429193E0E382BF77655F3B8 /* Pods-ios-snapshot-testTests.release.xcconfig */,
			);
			name = Pods;
			path = Pods;
			sourceTree = "<group>";
		};
/* End PBXGroup section */

/* Begin PBXNativeTarget section */
		898F9410291054FE00BF9EAD /* ios-snapshot-test */ = {
			isa = PBXNativeTarget;
			buildConfigurationList = 898F943B2910550100BF9EAD /* Build configuration list for PBXNativeTarget "ios-snapshot-test" */;
			buildPhases = (
				20FC278E63E77E8AED0C3A8A /* [CP] Check Pods Manifest.lock */,
				898F940D291054FE00BF9EAD /* Sources */,
				898F940E291054FE00BF9EAD /* Frameworks */,
				898F940F291054FE00BF9EAD /* Resources */,
			);
			buildRules = (
			);
			dependencies = (
			);
			name = "ios-snapshot-test";
			productName = "ios-snapshot-test";
			productReference = 898F9411291054FE00BF9EAD /* ios-snapshot-test.app */;
			productType = "com.apple.product-type.application";
		};
		898F94262910550100BF9EAD /* ios-snapshot-testTests */ = {
			isa = PBXNativeTarget;
			buildConfigurationList = 898F943E2910550100BF9EAD /* Build configuration list for PBXNativeTarget "ios-snapshot-testTests" */;
			buildPhases = (
				5B0A086BFC762E6B8459C742 /* [CP] Check Pods Manifest.lock */,
				898F94232910550100BF9EAD /* Sources */,
				898F94242910550100BF9EAD /* Frameworks */,
				898F94252910550100BF9EAD /* Resources */,
				321887B99D254231D77E0082 /* [CP] Embed Pods Frameworks */,
			);
			buildRules = (
			);
			dependencies = (
				898F94292910550100BF9EAD /* PBXTargetDependency */,
			);
			name = "ios-snapshot-testTests";
			productName = "ios-snapshot-testTests";
			productReference = 898F94272910550100BF9EAD /* ios-snapshot-testTests.xctest */;
			productType = "com.apple.product-type.bundle.unit-test";
		};
		898F94302910550100BF9EAD /* ios-snapshot-testUITests */ = {
			isa = PBXNativeTarget;
			buildConfigurationList = 898F94412910550100BF9EAD /* Build configuration list for PBXNativeTarget "ios-snapshot-testUITests" */;
			buildPhases = (
				5F53F667D511DB0FF51FA546 /* [CP] Check Pods Manifest.lock */,
				898F942D2910550100BF9EAD /* Sources */,
				898F942E2910550100BF9EAD /* Frameworks */,
				898F942F2910550100BF9EAD /* Resources */,
			);
			buildRules = (
			);
			dependencies = (
				898F94332910550100BF9EAD /* PBXTargetDependency */,
			);
			name = "ios-snapshot-testUITests";
			productName = "ios-snapshot-testUITests";
			productReference = 898F94312910550100BF9EAD /* ios-snapshot-testUITests.xctest */;
			productType = "com.apple.product-type.bundle.ui-testing";
		};
/* End PBXNativeTarget section */

/* Begin PBXProject section */
		898F9409291054FE00BF9EAD /* Project object */ = {
			isa = PBXProject;
			attributes = {
				BuildIndependentTargetsInParallel = 1;
				LastSwiftUpdateCheck = 1400;
				LastUpgradeCheck = 1400;
				TargetAttributes = {
					898F9410291054FE00BF9EAD = {
						CreatedOnToolsVersion = 14.0.1;
					};
					898F94262910550100BF9EAD = {
						CreatedOnToolsVersion = 14.0.1;
						TestTargetID = 898F9410291054FE00BF9EAD;
					};
					898F94302910550100BF9EAD = {
						CreatedOnToolsVersion = 14.0.1;
						TestTargetID = 898F9410291054FE00BF9EAD;
					};
				};
			};
			buildConfigurationList = 898F940C291054FE00BF9EAD /* Build configuration list for PBXProject "ios-snapshot-test" */;
			compatibilityVersion = "Xcode 13.0";
			developmentRegion = en;
			hasScannedForEncodings = 0;
			knownRegions = (
				en,
				Base,
			);
			mainGroup = 898F9408291054FE00BF9EAD;
			productRefGroup = 898F9412291054FE00BF9EAD /* Products */;
			projectDirPath = "";
			projectRoot = "";
			targets = (
				898F9410291054FE00BF9EAD /* ios-snapshot-test */,
				898F94262910550100BF9EAD /* ios-snapshot-testTests */,
				898F94302910550100BF9EAD /* ios-snapshot-testUITests */,
			);
		};
/* End PBXProject section */

/* Begin PBXResourcesBuildPhase section */
		898F940F291054FE00BF9EAD /* Resources */ = {
			isa = PBXResourcesBuildPhase;
			buildActionMask = 2147483647;
			files = (
				898F94212910550100BF9EAD /* LaunchScreen.storyboard in Resources */,
				898F941E2910550100BF9EAD /* Assets.xcassets in Resources */,
				898F941C291054FE00BF9EAD /* Main.storyboard in Resources */,
			);
			runOnlyForDeploymentPostprocessing = 0;
		};
		898F94252910550100BF9EAD /* Resources */ = {
			isa = PBXResourcesBuildPhase;
			buildActionMask = 2147483647;
			files = (
			);
			runOnlyForDeploymentPostprocessing = 0;
		};
		898F942F2910550100BF9EAD /* Resources */ = {
			isa = PBXResourcesBuildPhase;
			buildActionMask = 2147483647;
			files = (
			);
			runOnlyForDeploymentPostprocessing = 0;
		};
/* End PBXResourcesBuildPhase section */

/* Begin PBXShellScriptBuildPhase section */
		20FC278E63E77E8AED0C3A8A /* [CP] Check Pods Manifest.lock */ = {
			isa = PBXShellScriptBuildPhase;
			buildActionMask = 2147483647;
			files = (
			);
			inputFileListPaths = (
			);
			inputPaths = (
				"${PODS_PODFILE_DIR_PATH}/Podfile.lock",
				"${PODS_ROOT}/Manifest.lock",
			);
			name = "[CP] Check Pods Manifest.lock";
			outputFileListPaths = (
			);
			outputPaths = (
				"$(DERIVED_FILE_DIR)/Pods-ios-snapshot-test-checkManifestLockResult.txt",
			);
			runOnlyForDeploymentPostprocessing = 0;
			shellPath = /bin/sh;
			shellScript = "diff \"${PODS_PODFILE_DIR_PATH}/Podfile.lock\" \"${PODS_ROOT}/Manifest.lock\" > /dev/null\nif [ $? != 0 ] ; then\n    # print error to STDERR\n    echo \"error: The sandbox is not in sync with the Podfile.lock. Run 'pod install' or update your CocoaPods installation.\" >&2\n    exit 1\nfi\n# This output is used by Xcode 'outputs' to avoid re-running this script phase.\necho \"SUCCESS\" > \"${SCRIPT_OUTPUT_FILE_0}\"\n";
			showEnvVarsInLog = 0;
		};
		321887B99D254231D77E0082 /* [CP] Embed Pods Frameworks */ = {
			isa = PBXShellScriptBuildPhase;
			buildActionMask = 2147483647;
			files = (
			);
			inputFileListPaths = (
				"${PODS_ROOT}/Target Support Files/Pods-ios-snapshot-testTests/Pods-ios-snapshot-testTests-frameworks-${CONFIGURATION}-input-files.xcfilelist",
			);
			name = "[CP] Embed Pods Frameworks";
			outputFileListPaths = (
				"${PODS_ROOT}/Target Support Files/Pods-ios-snapshot-testTests/Pods-ios-snapshot-testTests-frameworks-${CONFIGURATION}-output-files.xcfilelist",
			);
			runOnlyForDeploymentPostprocessing = 0;
			shellPath = /bin/sh;
			shellScript = "\"${PODS_ROOT}/Target Support Files/Pods-ios-snapshot-testTests/Pods-ios-snapshot-testTests-frameworks.sh\"\n";
			showEnvVarsInLog = 0;
		};
		5B0A086BFC762E6B8459C742 /* [CP] Check Pods Manifest.lock */ = {
			isa = PBXShellScriptBuildPhase;
			buildActionMask = 2147483647;
			files = (
			);
			inputFileListPaths = (
			);
			inputPaths = (
				"${PODS_PODFILE_DIR_PATH}/Podfile.lock",
				"${PODS_ROOT}/Manifest.lock",
			);
			name = "[CP] Check Pods Manifest.lock";
			outputFileListPaths = (
			);
			outputPaths = (
				"$(DERIVED_FILE_DIR)/Pods-ios-snapshot-testTests-checkManifestLockResult.txt",
			);
			runOnlyForDeploymentPostprocessing = 0;
			shellPath = /bin/sh;
			shellScript = "diff \"${PODS_PODFILE_DIR_PATH}/Podfile.lock\" \"${PODS_ROOT}/Manifest.lock\" > /dev/null\nif [ $? != 0 ] ; then\n    # print error to STDERR\n    echo \"error: The sandbox is not in sync with the Podfile.lock. Run 'pod install' or update your CocoaPods installation.\" >&2\n    exit 1\nfi\n# This output is used by Xcode 'outputs' to avoid re-running this script phase.\necho \"SUCCESS\" > \"${SCRIPT_OUTPUT_FILE_0}\"\n";
			showEnvVarsInLog = 0;
		};
		5F53F667D511DB0FF51FA546 /* [CP] Check Pods Manifest.lock */ = {
			isa = PBXShellScriptBuildPhase;
			buildActionMask = 2147483647;
			files = (
			);
			inputFileListPaths = (
			);
			inputPaths = (
				"${PODS_PODFILE_DIR_PATH}/Podfile.lock",
				"${PODS_ROOT}/Manifest.lock",
			);
			name = "[CP] Check Pods Manifest.lock";
			outputFileListPaths = (
			);
			outputPaths = (
				"$(DERIVED_FILE_DIR)/Pods-ios-snapshot-test-ios-snapshot-testUITests-checkManifestLockResult.txt",
			);
			runOnlyForDeploymentPostprocessing = 0;
			shellPath = /bin/sh;
			shellScript = "diff \"${PODS_PODFILE_DIR_PATH}/Podfile.lock\" \"${PODS_ROOT}/Manifest.lock\" > /dev/null\nif [ $? != 0 ] ; then\n    # print error to STDERR\n    echo \"error: The sandbox is not in sync with the Podfile.lock. Run 'pod install' or update your CocoaPods installation.\" >&2\n    exit 1\nfi\n# This output is used by Xcode 'outputs' to avoid re-running this script phase.\necho \"SUCCESS\" > \"${SCRIPT_OUTPUT_FILE_0}\"\n";
			showEnvVarsInLog = 0;
		};
/* End PBXShellScriptBuildPhase section */

/* Begin PBXSourcesBuildPhase section */
		898F940D291054FE00BF9EAD /* Sources */ = {
			isa = PBXSourcesBuildPhase;
			buildActionMask = 2147483647;
			files = (
				898F9419291054FE00BF9EAD /* ViewController.swift in Sources */,
				898F9415291054FE00BF9EAD /* AppDelegate.swift in Sources */,
				898F9417291054FE00BF9EAD /* SceneDelegate.swift in Sources */,
			);
			runOnlyForDeploymentPostprocessing = 0;
		};
		898F94232910550100BF9EAD /* Sources */ = {
			isa = PBXSourcesBuildPhase;
			buildActionMask = 2147483647;
			files = (
				898F942C2910550100BF9EAD /* ios_snapshot_testTests.swift in Sources */,
			);
			runOnlyForDeploymentPostprocessing = 0;
		};
		898F942D2910550100BF9EAD /* Sources */ = {
			isa = PBXSourcesBuildPhase;
			buildActionMask = 2147483647;
			files = (
				898F94382910550100BF9EAD /* ios_snapshot_testUITestsLaunchTests.swift in Sources */,
				898F94362910550100BF9EAD /* ios_snapshot_testUITests.swift in Sources */,
			);
			runOnlyForDeploymentPostprocessing = 0;
		};
/* End PBXSourcesBuildPhase section */

/* Begin PBXTargetDependency section */
		898F94292910550100BF9EAD /* PBXTargetDependency */ = {
			isa = PBXTargetDependency;
			target = 898F9410291054FE00BF9EAD /* ios-snapshot-test */;
			targetProxy = 898F94282910550100BF9EAD /* PBXContainerItemProxy */;
		};
		898F94332910550100BF9EAD /* PBXTargetDependency */ = {
			isa = PBXTargetDependency;
			target = 898F9410291054FE00BF9EAD /* ios-snapshot-test */;
			targetProxy = 898F94322910550100BF9EAD /* PBXContainerItemProxy */;
		};
/* End PBXTargetDependency section */

/* Begin PBXVariantGroup section */
		898F941A291054FE00BF9EAD /* Main.storyboard */ = {
			isa = PBXVariantGroup;
			children = (
				898F941B291054FE00BF9EAD /* Base */,
			);
			name = Main.storyboard;
			sourceTree = "<group>";
		};
		898F941F2910550100BF9EAD /* LaunchScreen.storyboard */ = {
			isa = PBXVariantGroup;
			children = (
				898F94202910550100BF9EAD /* Base */,
			);
			name = LaunchScreen.storyboard;
			sourceTree = "<group>";
		};
/* End PBXVariantGroup section */

/* Begin XCBuildConfiguration section */
		898F94392910550100BF9EAD /* Debug */ = {
			isa = XCBuildConfiguration;
			buildSettings = {
				ALWAYS_SEARCH_USER_PATHS = NO;
				CLANG_ANALYZER_NONNULL = YES;
				CLANG_ANALYZER_NUMBER_OBJECT_CONVERSION = YES_AGGRESSIVE;
				CLANG_CXX_LANGUAGE_STANDARD = "gnu++20";
				CLANG_ENABLE_MODULES = YES;
				CLANG_ENABLE_OBJC_ARC = YES;
				CLANG_ENABLE_OBJC_WEAK = YES;
				CLANG_WARN_BLOCK_CAPTURE_AUTORELEASING = YES;
				CLANG_WARN_BOOL_CONVERSION = YES;
				CLANG_WARN_COMMA = YES;
				CLANG_WARN_CONSTANT_CONVERSION = YES;
				CLANG_WARN_DEPRECATED_OBJC_IMPLEMENTATIONS = YES;
				CLANG_WARN_DIRECT_OBJC_ISA_USAGE = YES_ERROR;
				CLANG_WARN_DOCUMENTATION_COMMENTS = YES;
				CLANG_WARN_EMPTY_BODY = YES;
				CLANG_WARN_ENUM_CONVERSION = YES;
				CLANG_WARN_INFINITE_RECURSION = YES;
				CLANG_WARN_INT_CONVERSION = YES;
				CLANG_WARN_NON_LITERAL_NULL_CONVERSION = YES;
				CLANG_WARN_OBJC_IMPLICIT_RETAIN_SELF = YES;
				CLANG_WARN_OBJC_LITERAL_CONVERSION = YES;
				CLANG_WARN_OBJC_ROOT_CLASS = YES_ERROR;
				CLANG_WARN_QUOTED_INCLUDE_IN_FRAMEWORK_HEADER = YES;
				CLANG_WARN_RANGE_LOOP_ANALYSIS = YES;
				CLANG_WARN_STRICT_PROTOTYPES = YES;
				CLANG_WARN_SUSPICIOUS_MOVE = YES;
				CLANG_WARN_UNGUARDED_AVAILABILITY = YES_AGGRESSIVE;
				CLANG_WARN_UNREACHABLE_CODE = YES;
				CLANG_WARN__DUPLICATE_METHOD_MATCH = YES;
				COPY_PHASE_STRIP = NO;
				DEBUG_INFORMATION_FORMAT = dwarf;
				ENABLE_STRICT_OBJC_MSGSEND = YES;
				ENABLE_TESTABILITY = YES;
				GCC_C_LANGUAGE_STANDARD = gnu11;
				GCC_DYNAMIC_NO_PIC = NO;
				GCC_NO_COMMON_BLOCKS = YES;
				GCC_OPTIMIZATION_LEVEL = 0;
				GCC_PREPROCESSOR_DEFINITIONS = (
					"DEBUG=1",
					"$(inherited)",
				);
				GCC_WARN_64_TO_32_BIT_CONVERSION = YES;
				GCC_WARN_ABOUT_RETURN_TYPE = YES_ERROR;
				GCC_WARN_UNDECLARED_SELECTOR = YES;
				GCC_WARN_UNINITIALIZED_AUTOS = YES_AGGRESSIVE;
				GCC_WARN_UNUSED_FUNCTION = YES;
				GCC_WARN_UNUSED_VARIABLE = YES;
				IPHONEOS_DEPLOYMENT_TARGET = 16.0;
				MTL_ENABLE_DEBUG_INFO = INCLUDE_SOURCE;
				MTL_FAST_MATH = YES;
				ONLY_ACTIVE_ARCH = YES;
				SDKROOT = iphoneos;
				SWIFT_ACTIVE_COMPILATION_CONDITIONS = DEBUG;
				SWIFT_OPTIMIZATION_LEVEL = "-Onone";
			};
			name = Debug;
		};
		898F943A2910550100BF9EAD /* Release */ = {
			isa = XCBuildConfiguration;
			buildSettings = {
				ALWAYS_SEARCH_USER_PATHS = NO;
				CLANG_ANALYZER_NONNULL = YES;
				CLANG_ANALYZER_NUMBER_OBJECT_CONVERSION = YES_AGGRESSIVE;
				CLANG_CXX_LANGUAGE_STANDARD = "gnu++20";
				CLANG_ENABLE_MODULES = YES;
				CLANG_ENABLE_OBJC_ARC = YES;
				CLANG_ENABLE_OBJC_WEAK = YES;
				CLANG_WARN_BLOCK_CAPTURE_AUTORELEASING = YES;
				CLANG_WARN_BOOL_CONVERSION = YES;
				CLANG_WARN_COMMA = YES;
				CLANG_WARN_CONSTANT_CONVERSION = YES;
				CLANG_WARN_DEPRECATED_OBJC_IMPLEMENTATIONS = YES;
				CLANG_WARN_DIRECT_OBJC_ISA_USAGE = YES_ERROR;
				CLANG_WARN_DOCUMENTATION_COMMENTS = YES;
				CLANG_WARN_EMPTY_BODY = YES;
				CLANG_WARN_ENUM_CONVERSION = YES;
				CLANG_WARN_INFINITE_RECURSION = YES;
				CLANG_WARN_INT_CONVERSION = YES;
				CLANG_WARN_NON_LITERAL_NULL_CONVERSION = YES;
				CLANG_WARN_OBJC_IMPLICIT_RETAIN_SELF = YES;
				CLANG_WARN_OBJC_LITERAL_CONVERSION = YES;
				CLANG_WARN_OBJC_ROOT_CLASS = YES_ERROR;
				CLANG_WARN_QUOTED_INCLUDE_IN_FRAMEWORK_HEADER = YES;
				CLANG_WARN_RANGE_LOOP_ANALYSIS = YES;
				CLANG_WARN_STRICT_PROTOTYPES = YES;
				CLANG_WARN_SUSPICIOUS_MOVE = YES;
				CLANG_WARN_UNGUARDED_AVAILABILITY = YES_AGGRESSIVE;
				CLANG_WARN_UNREACHABLE_CODE = YES;
				CLANG_WARN__DUPLICATE_METHOD_MATCH = YES;
				COPY_PHASE_STRIP = NO;
				DEBUG_INFORMATION_FORMAT = "dwarf-with-dsym";
				ENABLE_NS_ASSERTIONS = NO;
				ENABLE_STRICT_OBJC_MSGSEND = YES;
				GCC_C_LANGUAGE_STANDARD = gnu11;
				GCC_NO_COMMON_BLOCKS = YES;
				GCC_WARN_64_TO_32_BIT_CONVERSION = YES;
				GCC_WARN_ABOUT_RETURN_TYPE = YES_ERROR;
				GCC_WARN_UNDECLARED_SELECTOR = YES;
				GCC_WARN_UNINITIALIZED_AUTOS = YES_AGGRESSIVE;
				GCC_WARN_UNUSED_FUNCTION = YES;
				GCC_WARN_UNUSED_VARIABLE = YES;
				IPHONEOS_DEPLOYMENT_TARGET = 16.0;
				MTL_ENABLE_DEBUG_INFO = NO;
				MTL_FAST_MATH = YES;
				SDKROOT = iphoneos;
				SWIFT_COMPILATION_MODE = wholemodule;
				SWIFT_OPTIMIZATION_LEVEL = "-O";
				VALIDATE_PRODUCT = YES;
			};
			name = Release;
		};
		898F943C2910550100BF9EAD /* Debug */ = {
			isa = XCBuildConfiguration;
			baseConfigurationReference = 6F116C6AF215C3948A39315A /* Pods-ios-snapshot-test.debug.xcconfig */;
			buildSettings = {
				ASSETCATALOG_COMPILER_APPICON_NAME = AppIcon;
				ASSETCATALOG_COMPILER_GLOBAL_ACCENT_COLOR_NAME = AccentColor;
				CODE_SIGN_STYLE = Automatic;
				CURRENT_PROJECT_VERSION = 1;
				DEVELOPMENT_TEAM = CWWB8679GU;
				GENERATE_INFOPLIST_FILE = YES;
				INFOPLIST_FILE = "ios-snapshot-test/Info.plist";
				INFOPLIST_KEY_UIApplicationSupportsIndirectInputEvents = YES;
				INFOPLIST_KEY_UILaunchStoryboardName = LaunchScreen;
				INFOPLIST_KEY_UIMainStoryboardFile = Main;
				INFOPLIST_KEY_UISupportedInterfaceOrientations_iPad = "UIInterfaceOrientationPortrait UIInterfaceOrientationPortraitUpsideDown UIInterfaceOrientationLandscapeLeft UIInterfaceOrientationLandscapeRight";
				INFOPLIST_KEY_UISupportedInterfaceOrientations_iPhone = "UIInterfaceOrientationPortrait UIInterfaceOrientationLandscapeLeft UIInterfaceOrientationLandscapeRight";
				LD_RUNPATH_SEARCH_PATHS = (
					"$(inherited)",
					"@executable_path/Frameworks",
				);
				MARKETING_VERSION = 1.0;
				PRODUCT_BUNDLE_IDENTIFIER = "com.angelcomp.ios-snapshot-test";
				PRODUCT_NAME = "$(TARGET_NAME)";
				SWIFT_EMIT_LOC_STRINGS = YES;
				SWIFT_VERSION = 5.0;
				TARGETED_DEVICE_FAMILY = "1,2";
			};
			name = Debug;
		};
		898F943D2910550100BF9EAD /* Release */ = {
			isa = XCBuildConfiguration;
			baseConfigurationReference = ED6C77A0DDEE76630E725950 /* Pods-ios-snapshot-test.release.xcconfig */;
			buildSettings = {
				ASSETCATALOG_COMPILER_APPICON_NAME = AppIcon;
				ASSETCATALOG_COMPILER_GLOBAL_ACCENT_COLOR_NAME = AccentColor;
				CODE_SIGN_STYLE = Automatic;
				CURRENT_PROJECT_VERSION = 1;
				DEVELOPMENT_TEAM = CWWB8679GU;
				GENERATE_INFOPLIST_FILE = YES;
				INFOPLIST_FILE = "ios-snapshot-test/Info.plist";
				INFOPLIST_KEY_UIApplicationSupportsIndirectInputEvents = YES;
				INFOPLIST_KEY_UILaunchStoryboardName = LaunchScreen;
				INFOPLIST_KEY_UIMainStoryboardFile = Main;
				INFOPLIST_KEY_UISupportedInterfaceOrientations_iPad = "UIInterfaceOrientationPortrait UIInterfaceOrientationPortraitUpsideDown UIInterfaceOrientationLandscapeLeft UIInterfaceOrientationLandscapeRight";
				INFOPLIST_KEY_UISupportedInterfaceOrientations_iPhone = "UIInterfaceOrientationPortrait UIInterfaceOrientationLandscapeLeft UIInterfaceOrientationLandscapeRight";
				LD_RUNPATH_SEARCH_PATHS = (
					"$(inherited)",
					"@executable_path/Frameworks",
				);
				MARKETING_VERSION = 1.0;
				PRODUCT_BUNDLE_IDENTIFIER = "com.angelcomp.ios-snapshot-test";
				PRODUCT_NAME = "$(TARGET_NAME)";
				SWIFT_EMIT_LOC_STRINGS = YES;
				SWIFT_VERSION = 5.0;
				TARGETED_DEVICE_FAMILY = "1,2";
			};
			name = Release;
		};
		898F943F2910550100BF9EAD /* Debug */ = {
			isa = XCBuildConfiguration;
			baseConfigurationReference = 2C3A6A0F428DBE80C4C1043C /* Pods-ios-snapshot-testTests.debug.xcconfig */;
			buildSettings = {
				ALWAYS_EMBED_SWIFT_STANDARD_LIBRARIES = YES;
				BUNDLE_LOADER = "$(TEST_HOST)";
				CODE_SIGN_STYLE = Automatic;
				CURRENT_PROJECT_VERSION = 1;
				DEVELOPMENT_TEAM = CWWB8679GU;
				GENERATE_INFOPLIST_FILE = YES;
				IPHONEOS_DEPLOYMENT_TARGET = 16.0;
				MARKETING_VERSION = 1.0;
				PRODUCT_BUNDLE_IDENTIFIER = "com.angelcomp.ios-snapshot-testTests";
				PRODUCT_NAME = "$(TARGET_NAME)";
				SWIFT_EMIT_LOC_STRINGS = NO;
				SWIFT_VERSION = 5.0;
				TARGETED_DEVICE_FAMILY = "1,2";
				TEST_HOST = "$(BUILT_PRODUCTS_DIR)/ios-snapshot-test.app/$(BUNDLE_EXECUTABLE_FOLDER_PATH)/ios-snapshot-test";
			};
			name = Debug;
		};
		898F94402910550100BF9EAD /* Release */ = {
			isa = XCBuildConfiguration;
			baseConfigurationReference = E429193E0E382BF77655F3B8 /* Pods-ios-snapshot-testTests.release.xcconfig */;
			buildSettings = {
				ALWAYS_EMBED_SWIFT_STANDARD_LIBRARIES = YES;
				BUNDLE_LOADER = "$(TEST_HOST)";
				CODE_SIGN_STYLE = Automatic;
				CURRENT_PROJECT_VERSION = 1;
				DEVELOPMENT_TEAM = CWWB8679GU;
				GENERATE_INFOPLIST_FILE = YES;
				IPHONEOS_DEPLOYMENT_TARGET = 16.0;
				MARKETING_VERSION = 1.0;
				PRODUCT_BUNDLE_IDENTIFIER = "com.angelcomp.ios-snapshot-testTests";
				PRODUCT_NAME = "$(TARGET_NAME)";
				SWIFT_EMIT_LOC_STRINGS = NO;
				SWIFT_VERSION = 5.0;
				TARGETED_DEVICE_FAMILY = "1,2";
				TEST_HOST = "$(BUILT_PRODUCTS_DIR)/ios-snapshot-test.app/$(BUNDLE_EXECUTABLE_FOLDER_PATH)/ios-snapshot-test";
			};
			name = Release;
		};
		898F94422910550100BF9EAD /* Debug */ = {
			isa = XCBuildConfiguration;
			baseConfigurationReference = D6D0CEB5CBC530325E89ACAD /* Pods-ios-snapshot-test-ios-snapshot-testUITests.debug.xcconfig */;
			buildSettings = {
				ALWAYS_EMBED_SWIFT_STANDARD_LIBRARIES = YES;
				CODE_SIGN_STYLE = Automatic;
				CURRENT_PROJECT_VERSION = 1;
				DEVELOPMENT_TEAM = CWWB8679GU;
				GENERATE_INFOPLIST_FILE = YES;
				MARKETING_VERSION = 1.0;
				PRODUCT_BUNDLE_IDENTIFIER = "com.angelcomp.ios-snapshot-testUITests";
				PRODUCT_NAME = "$(TARGET_NAME)";
				SWIFT_EMIT_LOC_STRINGS = NO;
				SWIFT_VERSION = 5.0;
				TARGETED_DEVICE_FAMILY = "1,2";
				TEST_TARGET_NAME = "ios-snapshot-test";
			};
			name = Debug;
		};
		898F94432910550100BF9EAD /* Release */ = {
			isa = XCBuildConfiguration;
			baseConfigurationReference = CEAF96BD7DC193139BC96679 /* Pods-ios-snapshot-test-ios-snapshot-testUITests.release.xcconfig */;
			buildSettings = {
				ALWAYS_EMBED_SWIFT_STANDARD_LIBRARIES = YES;
				CODE_SIGN_STYLE = Automatic;
				CURRENT_PROJECT_VERSION = 1;
				DEVELOPMENT_TEAM = CWWB8679GU;
				GENERATE_INFOPLIST_FILE = YES;
				MARKETING_VERSION = 1.0;
				PRODUCT_BUNDLE_IDENTIFIER = "com.angelcomp.ios-snapshot-testUITests";
				PRODUCT_NAME = "$(TARGET_NAME)";
				SWIFT_EMIT_LOC_STRINGS = NO;
				SWIFT_VERSION = 5.0;
				TARGETED_DEVICE_FAMILY = "1,2";
				TEST_TARGET_NAME = "ios-snapshot-test";
			};
			name = Release;
		};
/* End XCBuildConfiguration section */

/* Begin XCConfigurationList section */
		898F940C291054FE00BF9EAD /* Build configuration list for PBXProject "ios-snapshot-test" */ = {
			isa = XCConfigurationList;
			buildConfigurations = (
				898F94392910550100BF9EAD /* Debug */,
				898F943A2910550100BF9EAD /* Release */,
			);
			defaultConfigurationIsVisible = 0;
			defaultConfigurationName = Release;
		};
		898F943B2910550100BF9EAD /* Build configuration list for PBXNativeTarget "ios-snapshot-test" */ = {
			isa = XCConfigurationList;
			buildConfigurations = (
				898F943C2910550100BF9EAD /* Debug */,
				898F943D2910550100BF9EAD /* Release */,
			);
			defaultConfigurationIsVisible = 0;
			defaultConfigurationName = Release;
		};
		898F943E2910550100BF9EAD /* Build configuration list for PBXNativeTarget "ios-snapshot-testTests" */ = {
			isa = XCConfigurationList;
			buildConfigurations = (
				898F943F2910550100BF9EAD /* Debug */,
				898F94402910550100BF9EAD /* Release */,
			);
			defaultConfigurationIsVisible = 0;
			defaultConfigurationName = Release;
		};
		898F94412910550100BF9EAD /* Build configuration list for PBXNativeTarget "ios-snapshot-testUITests" */ = {
			isa = XCConfigurationList;
			buildConfigurations = (
				898F94422910550100BF9EAD /* Debug */,
				898F94432910550100BF9EAD /* Release */,
			);
			defaultConfigurationIsVisible = 0;
			defaultConfigurationName = Release;
		};
/* End XCConfigurationList section */
	};
	rootObject = 898F9409291054FE00BF9EAD /* Project object */;
}
